
Microsoft Visual Studio Solution File, Format Version 11.00
# Visual Studio 2010
Project("{FAE04EC0-301F-11D3-BF4B-00C04F79EFBC}") = "Windows Media Player v2", "Windows Media Player v2\Windows Media Player v2.csproj", "{A6E41988-A9D5-4C87-A669-465F8445EFF4}"
EndProject
Global
	GlobalSection(SolutionConfigurationPlatforms) = preSolution
		Debug|x86 = Debug|x86
		Release|x86 = Release|x86
	EndGlobalSection
	GlobalSection(ProjectConfigurationPlatforms) = postSolution
		{A6E41988-A9D5-4C87-A669-465F8445EFF4}.Debug|x86.ActiveCfg = Debug|x86
		{A6E41988-A9D5-4C87-A669-465F8445EFF4}.Debug|x86.Build.0 = Debug|x86
		{A6E41988-A9D5-4C87-A669-465F8445EFF4}.Release|x86.ActiveCfg = Release|x86
		{A6E41988-A9D5-4C87-A669-465F8445EFF4}.Release|x86.Build.0 = Release|x86
	EndGlobalSection
	GlobalSection(SolutionProperties) = preSolution
		HideSolutionNode = FALSE
	EndGlobalSection
EndGlobal
